// !$*UTF8*$!
{
	archiveVersion = 1;
	classes = {
	};
	objectVersion = 55;
	objects = {

/* Begin PBXBuildFile section */
		5D4DEFA327A1EBA10047C55D /* RouteListItem.swift in Sources */ = {isa = PBXBuildFile; fileRef = 5D4DEFA227A1EBA10047C55D /* RouteListItem.swift */; };
		5DE00EC227A1E6CE00563F5E /* progresses.json in Resources */ = {isa = PBXBuildFile; fileRef = 5DE00EC127A1E6CE00563F5E /* progresses.json */; };
		5DE42C2A27A0316E005291EF /* ClimbersDiaryApp.swift in Sources */ = {isa = PBXBuildFile; fileRef = 5DE42C2927A0316E005291EF /* ClimbersDiaryApp.swift */; };
		5DE42C2C27A0316E005291EF /* ContentView.swift in Sources */ = {isa = PBXBuildFile; fileRef = 5DE42C2B27A0316E005291EF /* ContentView.swift */; };
		5DE42C2E27A0316F005291EF /* Assets.xcassets in Resources */ = {isa = PBXBuildFile; fileRef = 5DE42C2D27A0316F005291EF /* Assets.xcassets */; };
		5DE42C3127A0316F005291EF /* Preview Assets.xcassets in Resources */ = {isa = PBXBuildFile; fileRef = 5DE42C3027A0316F005291EF /* Preview Assets.xcassets */; };
		5DE42C3A27A0344C005291EF /* DataHandler.swift in Sources */ = {isa = PBXBuildFile; fileRef = 5DE42C3927A0344C005291EF /* DataHandler.swift */; };
		5DE42C3C27A03464005291EF /* Route.swift in Sources */ = {isa = PBXBuildFile; fileRef = 5DE42C3B27A03464005291EF /* Route.swift */; };
		5DE42C3E27A0346F005291EF /* RouteProgress.swift in Sources */ = {isa = PBXBuildFile; fileRef = 5DE42C3D27A0346F005291EF /* RouteProgress.swift */; };
		5DE42C4027A03485005291EF /* StartOptions.swift in Sources */ = {isa = PBXBuildFile; fileRef = 5DE42C3F27A03485005291EF /* StartOptions.swift */; };
		5DE42C4227A0352B005291EF /* HomeView.swift in Sources */ = {isa = PBXBuildFile; fileRef = 5DE42C4127A0352B005291EF /* HomeView.swift */; };
		5DE42C4427A03547005291EF /* FriendsView.swift in Sources */ = {isa = PBXBuildFile; fileRef = 5DE42C4327A03547005291EF /* FriendsView.swift */; };
		5DE42C4627A03561005291EF /* CircuitView.swift in Sources */ = {isa = PBXBuildFile; fileRef = 5DE42C4527A03561005291EF /* CircuitView.swift */; };
		5DE42C4827A035CA005291EF /* RouteView.swift in Sources */ = {isa = PBXBuildFile; fileRef = 5DE42C4727A035CA005291EF /* RouteView.swift */; };
		5DE42C4A27A04253005291EF /* data.json in Resources */ = {isa = PBXBuildFile; fileRef = 5DE42C4927A04253005291EF /* data.json */; };
/* End PBXBuildFile section */

/* Begin PBXFileReference section */
		5D4DEFA227A1EBA10047C55D /* RouteListItem.swift */ = {isa = PBXFileReference; lastKnownFileType = sourcecode.swift; path = RouteListItem.swift; sourceTree = "<group>"; };
		5DE00EC127A1E6CE00563F5E /* progresses.json */ = {isa = PBXFileReference; fileEncoding = 4; lastKnownFileType = text.json; name = progresses.json; path = "../../../../../OneDrive - Aberystwyth University/progresses.json"; sourceTree = "<group>"; };
		5DE42C2627A0316E005291EF /* ClimbersDiary.app */ = {isa = PBXFileReference; explicitFileType = wrapper.application; includeInIndex = 0; path = ClimbersDiary.app; sourceTree = BUILT_PRODUCTS_DIR; };
		5DE42C2927A0316E005291EF /* ClimbersDiaryApp.swift */ = {isa = PBXFileReference; lastKnownFileType = sourcecode.swift; path = ClimbersDiaryApp.swift; sourceTree = "<group>"; };
		5DE42C2B27A0316E005291EF /* ContentView.swift */ = {isa = PBXFileReference; lastKnownFileType = sourcecode.swift; path = ContentView.swift; sourceTree = "<group>"; };
		5DE42C2D27A0316F005291EF /* Assets.xcassets */ = {isa = PBXFileReference; lastKnownFileType = folder.assetcatalog; path = Assets.xcassets; sourceTree = "<group>"; };
		5DE42C3027A0316F005291EF /* Preview Assets.xcassets */ = {isa = PBXFileReference; lastKnownFileType = folder.assetcatalog; path = "Preview Assets.xcassets"; sourceTree = "<group>"; };
		5DE42C3927A0344C005291EF /* DataHandler.swift */ = {isa = PBXFileReference; lastKnownFileType = sourcecode.swift; path = DataHandler.swift; sourceTree = "<group>"; };
		5DE42C3B27A03464005291EF /* Route.swift */ = {isa = PBXFileReference; lastKnownFileType = sourcecode.swift; path = Route.swift; sourceTree = "<group>"; };
		5DE42C3D27A0346F005291EF /* RouteProgress.swift */ = {isa = PBXFileReference; lastKnownFileType = sourcecode.swift; path = RouteProgress.swift; sourceTree = "<group>"; };
		5DE42C3F27A03485005291EF /* StartOptions.swift */ = {isa = PBXFileReference; lastKnownFileType = sourcecode.swift; path = StartOptions.swift; sourceTree = "<group>"; };
		5DE42C4127A0352B005291EF /* HomeView.swift */ = {isa = PBXFileReference; lastKnownFileType = sourcecode.swift; path = HomeView.swift; sourceTree = "<group>"; };
		5DE42C4327A03547005291EF /* FriendsView.swift */ = {isa = PBXFileReference; lastKnownFileType = sourcecode.swift; path = FriendsView.swift; sourceTree = "<group>"; };
		5DE42C4527A03561005291EF /* CircuitView.swift */ = {isa = PBXFileReference; lastKnownFileType = sourcecode.swift; path = CircuitView.swift; sourceTree = "<group>"; };
		5DE42C4727A035CA005291EF /* RouteView.swift */ = {isa = PBXFileReference; lastKnownFileType = sourcecode.swift; path = RouteView.swift; sourceTree = "<group>"; };
		5DE42C4927A04253005291EF /* data.json */ = {isa = PBXFileReference; fileEncoding = 4; lastKnownFileType = text.json; name = data.json; path = "../../../../../OneDrive - Aberystwyth University/data.json"; sourceTree = "<group>"; };
/* End PBXFileReference section */

/* Begin PBXFrameworksBuildPhase section */
		5DE42C2327A0316E005291EF /* Frameworks */ = {
			isa = PBXFrameworksBuildPhase;
			buildActionMask = 2147483647;
			files = (
			);
			runOnlyForDeploymentPostprocessing = 0;
		};
/* End PBXFrameworksBuildPhase section */

/* Begin PBXGroup section */
		5DE42C1D27A0316E005291EF = {
			isa = PBXGroup;
			children = (
				5DE42C2827A0316E005291EF /* ClimbersDiary */,
				5DE42C2727A0316E005291EF /* Products */,
			);
			sourceTree = "<group>";
		};
		5DE42C2727A0316E005291EF /* Products */ = {
			isa = PBXGroup;
			children = (
				5DE42C2627A0316E005291EF /* ClimbersDiary.app */,
			);
			name = Products;
			sourceTree = "<group>";
		};
		5DE42C2827A0316E005291EF /* ClimbersDiary */ = {
			isa = PBXGroup;
			children = (
				5DE42C3827A0343B005291EF /* Classes */,
				5DE42C3727A03432005291EF /* Views */,
				5DE42C2927A0316E005291EF /* ClimbersDiaryApp.swift */,
				5DE42C2B27A0316E005291EF /* ContentView.swift */,
				5DE42C4927A04253005291EF /* data.json */,
				5DE00EC127A1E6CE00563F5E /* progresses.json */,
				5DE42C2D27A0316F005291EF /* Assets.xcassets */,
				5DE42C2F27A0316F005291EF /* Preview Content */,
			);
			path = ClimbersDiary;
			sourceTree = "<group>";
		};
		5DE42C2F27A0316F005291EF /* Preview Content */ = {
			isa = PBXGroup;
			children = (
				5DE42C3027A0316F005291EF /* Preview Assets.xcassets */,
			);
			path = "Preview Content";
			sourceTree = "<group>";
		};
		5DE42C3727A03432005291EF /* Views */ = {
			isa = PBXGroup;
			children = (
				5DE42C4127A0352B005291EF /* HomeView.swift */,
				5DE42C4327A03547005291EF /* FriendsView.swift */,
				5DE42C4527A03561005291EF /* CircuitView.swift */,
				5DE42C4727A035CA005291EF /* RouteView.swift */,
				5D4DEFA227A1EBA10047C55D /* RouteListItem.swift */,
			);
			path = Views;
			sourceTree = "<group>";
		};
		5DE42C3827A0343B005291EF /* Classes */ = {
			isa = PBXGroup;
			children = (
				5DE42C3927A0344C005291EF /* DataHandler.swift */,
				5DE42C3B27A03464005291EF /* Route.swift */,
				5DE42C3D27A0346F005291EF /* RouteProgress.swift */,
				5DE42C3F27A03485005291EF /* StartOptions.swift */,
			);
			path = Classes;
			sourceTree = "<group>";
		};
/* End PBXGroup section */

/* Begin PBXNativeTarget section */
		5DE42C2527A0316E005291EF /* ClimbersDiary */ = {
			isa = PBXNativeTarget;
			buildConfigurationList = 5DE42C3427A0316F005291EF /* Build configuration list for PBXNativeTarget "ClimbersDiary" */;
			buildPhases = (
				5DE42C2227A0316E005291EF /* Sources */,
				5DE42C2327A0316E005291EF /* Frameworks */,
				5DE42C2427A0316E005291EF /* Resources */,
			);
			buildRules = (
			);
			dependencies = (
			);
			name = ClimbersDiary;
			productName = ClimbersDiary;
			productReference = 5DE42C2627A0316E005291EF /* ClimbersDiary.app */;
			productType = "com.apple.product-type.application";
		};
/* End PBXNativeTarget section */

/* Begin PBXProject section */
		5DE42C1E27A0316E005291EF /* Project object */ = {
			isa = PBXProject;
			attributes = {
				BuildIndependentTargetsInParallel = 1;
				LastSwiftUpdateCheck = 1310;
				LastUpgradeCheck = 1310;
				TargetAttributes = {
					5DE42C2527A0316E005291EF = {
						CreatedOnToolsVersion = 13.1;
					};
				};
			};
			buildConfigurationList = 5DE42C2127A0316E005291EF /* Build configuration list for PBXProject "ClimbersDiary" */;
			compatibilityVersion = "Xcode 13.0";
			developmentRegion = en;
			hasScannedForEncodings = 0;
			knownRegions = (
				en,
				Base,
			);
			mainGroup = 5DE42C1D27A0316E005291EF;
			productRefGroup = 5DE42C2727A0316E005291EF /* Products */;
			projectDirPath = "";
			projectRoot = "";
			targets = (
				5DE42C2527A0316E005291EF /* ClimbersDiary */,
			);
		};
/* End PBXProject section */

/* Begin PBXResourcesBuildPhase section */
		5DE42C2427A0316E005291EF /* Resources */ = {
			isa = PBXResourcesBuildPhase;
			buildActionMask = 2147483647;
			files = (
				5DE00EC227A1E6CE00563F5E /* progresses.json in Resources */,
				5DE42C3127A0316F005291EF /* Preview Assets.xcassets in Resources */,
				5DE42C4A27A04253005291EF /* data.json in Resources */,
				5DE42C2E27A0316F005291EF /* Assets.xcassets in Resources */,
			);
			runOnlyForDeploymentPostprocessing = 0;
		};
/* End PBXResourcesBuildPhase section */

/* Begin PBXSourcesBuildPhase section */
		5DE42C2227A0316E005291EF /* Sources */ = {
			isa = PBXSourcesBuildPhase;
			buildActionMask = 2147483647;
			files = (
				5DE42C3E27A0346F005291EF /* RouteProgress.swift in Sources */,
				5DE42C4227A0352B005291EF /* HomeView.swift in Sources */,
				5DE42C4427A03547005291EF /* FriendsView.swift in Sources */,
				5D4DEFA327A1EBA10047C55D /* RouteListItem.swift in Sources */,
				5DE42C2C27A0316E005291EF /* ContentView.swift in Sources */,
				5DE42C3C27A03464005291EF /* Route.swift in Sources */,
				5DE42C3A27A0344C005291EF /* DataHandler.swift in Sources */,
				5DE42C4827A035CA005291EF /* RouteView.swift in Sources */,
				5DE42C4627A03561005291EF /* CircuitView.swift in Sources */,
				5DE42C2A27A0316E005291EF /* ClimbersDiaryApp.swift in Sources */,
				5DE42C4027A03485005291EF /* StartOptions.swift in Sources */,
			);
			runOnlyForDeploymentPostprocessing = 0;
		};
/* End PBXSourcesBuildPhase section */

/* Begin XCBuildConfiguration section */
		5DE42C3227A0316F005291EF /* Debug */ = {
			isa = XCBuildConfiguration;
			buildSettings = {
				ALWAYS_SEARCH_USER_PATHS = NO;
				CLANG_ANALYZER_NONNULL = YES;
				CLANG_ANALYZER_NUMBER_OBJECT_CONVERSION = YES_AGGRESSIVE;
				CLANG_CXX_LANGUAGE_STANDARD = "gnu++17";
				CLANG_CXX_LIBRARY = "libc++";
				CLANG_ENABLE_MODULES = YES;
				CLANG_ENABLE_OBJC_ARC = YES;
				CLANG_ENABLE_OBJC_WEAK = YES;
				CLANG_WARN_BLOCK_CAPTURE_AUTORELEASING = YES;
				CLANG_WARN_BOOL_CONVERSION = YES;
				CLANG_WARN_COMMA = YES;
				CLANG_WARN_CONSTANT_CONVERSION = YES;
				CLANG_WARN_DEPRECATED_OBJC_IMPLEMENTATIONS = YES;
				CLANG_WARN_DIRECT_OBJC_ISA_USAGE = YES_ERROR;
				CLANG_WARN_DOCUMENTATION_COMMENTS = YES;
				CLANG_WARN_EMPTY_BODY = YES;
				CLANG_WARN_ENUM_CONVERSION = YES;
				CLANG_WARN_INFINITE_RECURSION = YES;
				CLANG_WARN_INT_CONVERSION = YES;
				CLANG_WARN_NON_LITERAL_NULL_CONVERSION = YES;
				CLANG_WARN_OBJC_IMPLICIT_RETAIN_SELF = YES;
				CLANG_WARN_OBJC_LITERAL_CONVERSION = YES;
				CLANG_WARN_OBJC_ROOT_CLASS = YES_ERROR;
				CLANG_WARN_QUOTED_INCLUDE_IN_FRAMEWORK_HEADER = YES;
				CLANG_WARN_RANGE_LOOP_ANALYSIS = YES;
				CLANG_WARN_STRICT_PROTOTYPES = YES;
				CLANG_WARN_SUSPICIOUS_MOVE = YES;
				CLANG_WARN_UNGUARDED_AVAILABILITY = YES_AGGRESSIVE;
				CLANG_WARN_UNREACHABLE_CODE = YES;
				CLANG_WARN__DUPLICATE_METHOD_MATCH = YES;
				COPY_PHASE_STRIP = NO;
				DEBUG_INFORMATION_FORMAT = dwarf;
				ENABLE_STRICT_OBJC_MSGSEND = YES;
				ENABLE_TESTABILITY = YES;
				GCC_C_LANGUAGE_STANDARD = gnu11;
				GCC_DYNAMIC_NO_PIC = NO;
				GCC_NO_COMMON_BLOCKS = YES;
				GCC_OPTIMIZATION_LEVEL = 0;
				GCC_PREPROCESSOR_DEFINITIONS = (
					"DEBUG=1",
					"$(inherited)",
				);
				GCC_WARN_64_TO_32_BIT_CONVERSION = YES;
				GCC_WARN_ABOUT_RETURN_TYPE = YES_ERROR;
				GCC_WARN_UNDECLARED_SELECTOR = YES;
				GCC_WARN_UNINITIALIZED_AUTOS = YES_AGGRESSIVE;
				GCC_WARN_UNUSED_FUNCTION = YES;
				GCC_WARN_UNUSED_VARIABLE = YES;
				IPHONEOS_DEPLOYMENT_TARGET = 15.0;
				MTL_ENABLE_DEBUG_INFO = INCLUDE_SOURCE;
				MTL_FAST_MATH = YES;
				ONLY_ACTIVE_ARCH = YES;
				SDKROOT = iphoneos;
				SWIFT_ACTIVE_COMPILATION_CONDITIONS = DEBUG;
				SWIFT_OPTIMIZATION_LEVEL = "-Onone";
			};
			name = Debug;
		};
		5DE42C3327A0316F005291EF /* Release */ = {
			isa = XCBuildConfiguration;
			buildSettings = {
				ALWAYS_SEARCH_USER_PATHS = NO;
				CLANG_ANALYZER_NONNULL = YES;
				CLANG_ANALYZER_NUMBER_OBJECT_CONVERSION = YES_AGGRESSIVE;
				CLANG_CXX_LANGUAGE_STANDARD = "gnu++17";
				CLANG_CXX_LIBRARY = "libc++";
				CLANG_ENABLE_MODULES = YES;
				CLANG_ENABLE_OBJC_ARC = YES;
				CLANG_ENABLE_OBJC_WEAK = YES;
				CLANG_WARN_BLOCK_CAPTURE_AUTORELEASING = YES;
				CLANG_WARN_BOOL_CONVERSION = YES;
				CLANG_WARN_COMMA = YES;
				CLANG_WARN_CONSTANT_CONVERSION = YES;
				CLANG_WARN_DEPRECATED_OBJC_IMPLEMENTATIONS = YES;
				CLANG_WARN_DIRECT_OBJC_ISA_USAGE = YES_ERROR;
				CLANG_WARN_DOCUMENTATION_COMMENTS = YES;
				CLANG_WARN_EMPTY_BODY = YES;
				CLANG_WARN_ENUM_CONVERSION = YES;
				CLANG_WARN_INFINITE_RECURSION = YES;
				CLANG_WARN_INT_CONVERSION = YES;
				CLANG_WARN_NON_LITERAL_NULL_CONVERSION = YES;
				CLANG_WARN_OBJC_IMPLICIT_RETAIN_SELF = YES;
				CLANG_WARN_OBJC_LITERAL_CONVERSION = YES;
				CLANG_WARN_OBJC_ROOT_CLASS = YES_ERROR;
				CLANG_WARN_QUOTED_INCLUDE_IN_FRAMEWORK_HEADER = YES;
				CLANG_WARN_RANGE_LOOP_ANALYSIS = YES;
				CLANG_WARN_STRICT_PROTOTYPES = YES;
				CLANG_WARN_SUSPICIOUS_MOVE = YES;
				CLANG_WARN_UNGUARDED_AVAILABILITY = YES_AGGRESSIVE;
				CLANG_WARN_UNREACHABLE_CODE = YES;
				CLANG_WARN__DUPLICATE_METHOD_MATCH = YES;
				COPY_PHASE_STRIP = NO;
				DEBUG_INFORMATION_FORMAT = "dwarf-with-dsym";
				ENABLE_NS_ASSERTIONS = NO;
				ENABLE_STRICT_OBJC_MSGSEND = YES;
				GCC_C_LANGUAGE_STANDARD = gnu11;
				GCC_NO_COMMON_BLOCKS = YES;
				GCC_WARN_64_TO_32_BIT_CONVERSION = YES;
				GCC_WARN_ABOUT_RETURN_TYPE = YES_ERROR;
				GCC_WARN_UNDECLARED_SELECTOR = YES;
				GCC_WARN_UNINITIALIZED_AUTOS = YES_AGGRESSIVE;
				GCC_WARN_UNUSED_FUNCTION = YES;
				GCC_WARN_UNUSED_VARIABLE = YES;
				IPHONEOS_DEPLOYMENT_TARGET = 15.0;
				MTL_ENABLE_DEBUG_INFO = NO;
				MTL_FAST_MATH = YES;
				SDKROOT = iphoneos;
				SWIFT_COMPILATION_MODE = wholemodule;
				SWIFT_OPTIMIZATION_LEVEL = "-O";
				VALIDATE_PRODUCT = YES;
			};
			name = Release;
		};
		5DE42C3527A0316F005291EF /* Debug */ = {
			isa = XCBuildConfiguration;
			buildSettings = {
				ASSETCATALOG_COMPILER_APPICON_NAME = AppIcon;
				ASSETCATALOG_COMPILER_GLOBAL_ACCENT_COLOR_NAME = AccentColor;
				CODE_SIGN_STYLE = Automatic;
				CURRENT_PROJECT_VERSION = 1;
				DEVELOPMENT_ASSET_PATHS = "\"ClimbersDiary/Preview Content\"";
				DEVELOPMENT_TEAM = F473KS3483;
				ENABLE_PREVIEWS = YES;
				GENERATE_INFOPLIST_FILE = YES;
				INFOPLIST_KEY_UIApplicationSceneManifest_Generation = YES;
				INFOPLIST_KEY_UIApplicationSupportsIndirectInputEvents = YES;
				INFOPLIST_KEY_UILaunchScreen_Generation = YES;
				INFOPLIST_KEY_UISupportedInterfaceOrientations_iPad = "UIInterfaceOrientationPortrait UIInterfaceOrientationPortraitUpsideDown UIInterfaceOrientationLandscapeLeft UIInterfaceOrientationLandscapeRight";
				INFOPLIST_KEY_UISupportedInterfaceOrientations_iPhone = "UIInterfaceOrientationPortrait UIInterfaceOrientationLandscapeLeft UIInterfaceOrientationLandscapeRight";
				LD_RUNPATH_SEARCH_PATHS = (
					"$(inherited)",
					"@executable_path/Frameworks",
				);
				MARKETING_VERSION = 1.0;
				PRODUCT_BUNDLE_IDENTIFIER = com.mmalec.ClimbersDiary;
				PRODUCT_NAME = "$(TARGET_NAME)";
				SWIFT_EMIT_LOC_STRINGS = YES;
				SWIFT_VERSION = 5.0;
				TARGETED_DEVICE_FAMILY = "1,2";
			};
			name = Debug;
		};
		5DE42C3627A0316F005291EF /* Release */ = {
			isa = XCBuildConfiguration;
			buildSettings = {
				ASSETCATALOG_COMPILER_APPICON_NAME = AppIcon;
				ASSETCATALOG_COMPILER_GLOBAL_ACCENT_COLOR_NAME = AccentColor;
				CODE_SIGN_STYLE = Automatic;
				CURRENT_PROJECT_VERSION = 1;
				DEVELOPMENT_ASSET_PATHS = "\"ClimbersDiary/Preview Content\"";
				DEVELOPMENT_TEAM = F473KS3483;
				ENABLE_PREVIEWS = YES;
				GENERATE_INFOPLIST_FILE = YES;
				INFOPLIST_KEY_UIApplicationSceneManifest_Generation = YES;
				INFOPLIST_KEY_UIApplicationSupportsIndirectInputEvents = YES;
				INFOPLIST_KEY_UILaunchScreen_Generation = YES;
				INFOPLIST_KEY_UISupportedInterfaceOrientations_iPad = "UIInterfaceOrientationPortrait UIInterfaceOrientationPortraitUpsideDown UIInterfaceOrientationLandscapeLeft UIInterfaceOrientationLandscapeRight";
				INFOPLIST_KEY_UISupportedInterfaceOrientations_iPhone = "UIInterfaceOrientationPortrait UIInterfaceOrientationLandscapeLeft UIInterfaceOrientationLandscapeRight";
				LD_RUNPATH_SEARCH_PATHS = (
					"$(inherited)",
					"@executable_path/Frameworks",
				);
				MARKETING_VERSION = 1.0;
				PRODUCT_BUNDLE_IDENTIFIER = com.mmalec.ClimbersDiary;
				PRODUCT_NAME = "$(TARGET_NAME)";
				SWIFT_EMIT_LOC_STRINGS = YES;
				SWIFT_VERSION = 5.0;
				TARGETED_DEVICE_FAMILY = "1,2";
			};
			name = Release;
		};
/* End XCBuildConfiguration section */

/* Begin XCConfigurationList section */
		5DE42C2127A0316E005291EF /* Build configuration list for PBXProject "ClimbersDiary" */ = {
			isa = XCConfigurationList;
			buildConfigurations = (
				5DE42C3227A0316F005291EF /* Debug */,
				5DE42C3327A0316F005291EF /* Release */,
			);
			defaultConfigurationIsVisible = 0;
			defaultConfigurationName = Release;
		};
		5DE42C3427A0316F005291EF /* Build configuration list for PBXNativeTarget "ClimbersDiary" */ = {
			isa = XCConfigurationList;
			buildConfigurations = (
				5DE42C3527A0316F005291EF /* Debug */,
				5DE42C3627A0316F005291EF /* Release */,
			);
			defaultConfigurationIsVisible = 0;
			defaultConfigurationName = Release;
		};
/* End XCConfigurationList section */
	};
	rootObject = 5DE42C1E27A0316E005291EF /* Project object */;
}
